// !$*UTF8*$!
{
	archiveVersion = 1;
	classes = {
	};
	objectVersion = 56;
	objects = {

/* Begin PBXBuildFile section */
		588E00692C07D1CA00A04419 /* WeatherDemoApp.swift in Sources */ = {isa = PBXBuildFile; fileRef = 588E00682C07D1CA00A04419 /* WeatherDemoApp.swift */; };
		588E006D2C07D1CB00A04419 /* Assets.xcassets in Resources */ = {isa = PBXBuildFile; fileRef = 588E006C2C07D1CB00A04419 /* Assets.xcassets */; };
		588E00702C07D1CB00A04419 /* Preview Assets.xcassets in Resources */ = {isa = PBXBuildFile; fileRef = 588E006F2C07D1CB00A04419 /* Preview Assets.xcassets */; };
		588E007C2C0B660E00A04419 /* LocationManager.swift in Sources */ = {isa = PBXBuildFile; fileRef = 588E007B2C0B660E00A04419 /* LocationManager.swift */; };
		588E007E2C0C295000A04419 /* ContentView.swift in Sources */ = {isa = PBXBuildFile; fileRef = 588E00XX2C0XXXXXXX00A08819 /* ContentView.swift */; };
		588E00802C0C2E4D00A04419 /* WelcomeView.swift in Sources */ = {isa = PBXBuildFile; fileRef = 588E007F2C0C2E4D00A04419 /* WelcomeView.swift */; };
		588E00822C0C319800A04419 /* LoadingView.swift in Sources */ = {isa = PBXBuildFile; fileRef = 588E00812C0C319800A04419 /* LoadingView.swift */; };
		588E00842C0C745400A04419 /* WeatherManager.swift in Sources */ = {isa = PBXBuildFile; fileRef = 588E00832C0C745400A04419 /* WeatherManager.swift */; };
		588E00862C0CB26300A04419 /* WeatherView.swift in Sources */ = {isa = PBXBuildFile; fileRef = 588E00852C0CB26300A04419 /* WeatherView.swift */; };
		588E00882C0CB2BB00A04419 /* weatherData.json in Resources */ = {isa = PBXBuildFile; fileRef = 588E00872C0CB2BB00A04419 /* weatherData.json */; };
		588E008A2C0CB30600A04419 /* load.swift in Sources */ = {isa = PBXBuildFile; fileRef = 588E00892C0CB30600A04419 /* load.swift */; };
		588E008C2C0CB57200A04419 /* Extensions.swift in Sources */ = {isa = PBXBuildFile; fileRef = 588E008B2C0CB57200A04419 /* Extensions.swift */; };
		588E008F2C0CD65A00A04419 /* WeatherRow.swift in Sources */ = {isa = PBXBuildFile; fileRef = 588E008E2C0CD65A00A04419 /* WeatherRow.swift */; };
/* End PBXBuildFile section */

/* Begin PBXFileReference section */
		588E00652C07D1CA00A04419 /* WeatherDemo.app */ = {isa = PBXFileReference; explicitFileType = wrapper.application; includeInIndex = 0; path = WeatherDemo.app; sourceTree = BUILT_PRODUCTS_DIR; };
		588E00682C07D1CA00A04419 /* WeatherDemoApp.swift */ = {isa = PBXFileReference; lastKnownFileType = sourcecode.swift; path = WeatherDemoApp.swift; sourceTree = "<group>"; };
		588E006C2C07D1CB00A04419 /* Assets.xcassets */ = {isa = PBXFileReference; lastKnownFileType = folder.assetcatalog; path = Assets.xcassets; sourceTree = "<group>"; };
		588E006F2C07D1CB00A04419 /* Preview Assets.xcassets */ = {isa = PBXFileReference; lastKnownFileType = folder.assetcatalog; path = "Preview Assets.xcassets"; sourceTree = "<group>"; };
		588E007B2C0B660E00A04419 /* LocationManager.swift */ = {isa = PBXFileReference; lastKnownFileType = sourcecode.swift; path = LocationManager.swift; sourceTree = "<group>"; };
		588E007F2C0C2E4D00A04419 /* WelcomeView.swift */ = {isa = PBXFileReference; lastKnownFileType = sourcecode.swift; path = WelcomeView.swift; sourceTree = "<group>"; };
		588E00812C0C319800A04419 /* LoadingView.swift */ = {isa = PBXFileReference; lastKnownFileType = sourcecode.swift; path = LoadingView.swift; sourceTree = "<group>"; };
		588E00832C0C745400A04419 /* WeatherManager.swift */ = {isa = PBXFileReference; lastKnownFileType = sourcecode.swift; path = WeatherManager.swift; sourceTree = "<group>"; };
		588E00852C0CB26300A04419 /* WeatherView.swift */ = {isa = PBXFileReference; lastKnownFileType = sourcecode.swift; path = WeatherView.swift; sourceTree = "<group>"; };
		588E00872C0CB2BB00A04419 /* weatherData.json */ = {isa = PBXFileReference; lastKnownFileType = text.json; path = weatherData.json; sourceTree = "<group>"; };
		588E00892C0CB30600A04419 /* load.swift */ = {isa = PBXFileReference; lastKnownFileType = sourcecode.swift; path = load.swift; sourceTree = "<group>"; };
		588E008B2C0CB57200A04419 /* Extensions.swift */ = {isa = PBXFileReference; lastKnownFileType = sourcecode.swift; path = Extensions.swift; sourceTree = "<group>"; };
		588E008E2C0CD65A00A04419 /* WeatherRow.swift */ = {isa = PBXFileReference; lastKnownFileType = sourcecode.swift; path = WeatherRow.swift; sourceTree = "<group>"; };
		588E00XX2C0XXXXXXX00A08819 /* ContentView.swift */ = {isa = PBXFileReference; lastKnownFileType = sourcecode.swift; path = ContentView.swift; sourceTree = "<group>"; };
/* End PBXFileReference section */

/* Begin PBXFrameworksBuildPhase section */
		588E00622C07D1CA00A04419 /* Frameworks */ = {
			isa = PBXFrameworksBuildPhase;
			buildActionMask = 2147483647;
			files = (
			);
			runOnlyForDeploymentPostprocessing = 0;
		};
/* End PBXFrameworksBuildPhase section */

/* Begin PBXGroup section */
		588E005C2C07D1CA00A04419 = {
			isa = PBXGroup;
			children = (
				588E00672C07D1CA00A04419 /* WeatherDemo */,
				588E00662C07D1CA00A04419 /* Products */,
			);
			sourceTree = "<group>";
		};
		588E00662C07D1CA00A04419 /* Products */ = {
			isa = PBXGroup;
			children = (
				588E00652C07D1CA00A04419 /* WeatherDemo.app */,
			);
			name = Products;
			sourceTree = "<group>";
		};
		588E00672C07D1CA00A04419 /* WeatherDemo */ = {
			isa = PBXGroup;
			children = (
				588E00762C07D28900A04419 /* Managers */,
				588E00XX2C0XXXXXXX00A04419 /* Views */,
				588E00682C07D1CA00A04419 /* WeatherDemoApp.swift */,
				588E006C2C07D1CB00A04419 /* Assets.xcassets */,
				588E006E2C07D1CB00A04419 /* Preview Content */,
				588E008B2C0CB57200A04419 /* Extensions.swift */,
			);
			path = WeatherDemo;
			sourceTree = "<group>";
		};
		588E006E2C07D1CB00A04419 /* Preview Content */ = {
			isa = PBXGroup;
			children = (
				588E006F2C07D1CB00A04419 /* Preview Assets.xcassets */,
				588E00872C0CB2BB00A04419 /* weatherData.json */,
				588E00892C0CB30600A04419 /* load.swift */,
			);
			path = "Preview Content";
			sourceTree = "<group>";
		};
		588E00762C07D28900A04419 /* Managers */ = {
			isa = PBXGroup;
			children = (
				588E007B2C0B660E00A04419 /* LocationManager.swift */,
				588E00832C0C745400A04419 /* WeatherManager.swift */,
			);
			path = Managers;
			sourceTree = "<group>";
		};
		588E008D2C0CD64500A04419 /* Components */ = {
			isa = PBXGroup;
			children = (
				588E008E2C0CD65A00A04419 /* WeatherRow.swift */,
			);
			path = Components;
			sourceTree = "<group>";
		};
		588E00XX2C0XXXXXXX00A04419 /* Views */ = {
			isa = PBXGroup;
			children = (
				588E008D2C0CD64500A04419 /* Components */,
				588E00XX2C0XXXXXXX00A08819 /* ContentView.swift */,
				588E007F2C0C2E4D00A04419 /* WelcomeView.swift */,
				588E00812C0C319800A04419 /* LoadingView.swift */,
				588E00852C0CB26300A04419 /* WeatherView.swift */,
			);
			path = Views;
			sourceTree = "<group>";
		};
/* End PBXGroup section */

/* Begin PBXNativeTarget section */
		588E00642C07D1CA00A04419 /* WeatherDemo */ = {
			isa = PBXNativeTarget;
			buildConfigurationList = 588E00732C07D1CB00A04419 /* Build configuration list for PBXNativeTarget "WeatherDemo" */;
			buildPhases = (
				588E00612C07D1CA00A04419 /* Sources */,
				588E00622C07D1CA00A04419 /* Frameworks */,
				588E00632C07D1CA00A04419 /* Resources */,
			);
			buildRules = (
			);
			dependencies = (
			);
			name = WeatherDemo;
			productName = WeatherDemo;
			productReference = 588E00652C07D1CA00A04419 /* WeatherDemo.app */;
			productType = "com.apple.product-type.application";
		};
/* End PBXNativeTarget section */

/* Begin PBXProject section */
		588E005D2C07D1CA00A04419 /* Project object */ = {
			isa = PBXProject;
			attributes = {
				BuildIndependentTargetsInParallel = 1;
				LastSwiftUpdateCheck = 1540;
				LastUpgradeCheck = 1540;
				TargetAttributes = {
					588E00642C07D1CA00A04419 = {
						CreatedOnToolsVersion = 15.4;
					};
				};
			};
			buildConfigurationList = 588E00602C07D1CA00A04419 /* Build configuration list for PBXProject "WeatherDemo" */;
			compatibilityVersion = "Xcode 14.0";
			developmentRegion = en;
			hasScannedForEncodings = 0;
			knownRegions = (
				en,
				Base,
			);
			mainGroup = 588E005C2C07D1CA00A04419;
			productRefGroup = 588E00662C07D1CA00A04419 /* Products */;
			projectDirPath = "";
			projectRoot = "";
			targets = (
				588E00642C07D1CA00A04419 /* WeatherDemo */,
			);
		};
/* End PBXProject section */

/* Begin PBXResourcesBuildPhase section */
		588E00632C07D1CA00A04419 /* Resources */ = {
			isa = PBXResourcesBuildPhase;
			buildActionMask = 2147483647;
			files = (
				588E00702C07D1CB00A04419 /* Preview Assets.xcassets in Resources */,
				588E006D2C07D1CB00A04419 /* Assets.xcassets in Resources */,
				588E00882C0CB2BB00A04419 /* weatherData.json in Resources */,
			);
			runOnlyForDeploymentPostprocessing = 0;
		};
/* End PBXResourcesBuildPhase section */

/* Begin PBXSourcesBuildPhase section */
		588E00612C07D1CA00A04419 /* Sources */ = {
			isa = PBXSourcesBuildPhase;
			buildActionMask = 2147483647;
			files = (
				588E00842C0C745400A04419 /* WeatherManager.swift in Sources */,
				588E008C2C0CB57200A04419 /* Extensions.swift in Sources */,
				588E00692C07D1CA00A04419 /* WeatherDemoApp.swift in Sources */,
				588E007C2C0B660E00A04419 /* LocationManager.swift in Sources */,
				588E007E2C0C295000A04419 /* ContentView.swift in Sources */,
				588E008F2C0CD65A00A04419 /* WeatherRow.swift in Sources */,
				588E00822C0C319800A04419 /* LoadingView.swift in Sources */,
				588E008A2C0CB30600A04419 /* load.swift in Sources */,
				588E00862C0CB26300A04419 /* WeatherView.swift in Sources */,
				588E00802C0C2E4D00A04419 /* WelcomeView.swift in Sources */,
			);
			runOnlyForDeploymentPostprocessing = 0;
		};
/* End PBXSourcesBuildPhase section */

/* Begin XCBuildConfiguration section */
		588E00712C07D1CB00A04419 /* Debug */ = {
			isa = XCBuildConfiguration;
			buildSettings = {
				ALWAYS_SEARCH_USER_PATHS = NO;
				ASSETCATALOG_COMPILER_GENERATE_SWIFT_ASSET_SYMBOL_EXTENSIONS = YES;
				CLANG_ANALYZER_NONNULL = YES;
				CLANG_ANALYZER_NUMBER_OBJECT_CONVERSION = YES_AGGRESSIVE;
				CLANG_CXX_LANGUAGE_STANDARD = "gnu++20";
				CLANG_ENABLE_MODULES = YES;
				CLANG_ENABLE_OBJC_ARC = YES;
				CLANG_ENABLE_OBJC_WEAK = YES;
				CLANG_WARN_BLOCK_CAPTURE_AUTORELEASING = YES;
				CLANG_WARN_BOOL_CONVERSION = YES;
				CLANG_WARN_COMMA = YES;
				CLANG_WARN_CONSTANT_CONVERSION = YES;
				CLANG_WARN_DEPRECATED_OBJC_IMPLEMENTATIONS = YES;
				CLANG_WARN_DIRECT_OBJC_ISA_USAGE = YES_ERROR;
				CLANG_WARN_DOCUMENTATION_COMMENTS = YES;
				CLANG_WARN_EMPTY_BODY = YES;
				CLANG_WARN_ENUM_CONVERSION = YES;
				CLANG_WARN_INFINITE_RECURSION = YES;
				CLANG_WARN_INT_CONVERSION = YES;
				CLANG_WARN_NON_LITERAL_NULL_CONVERSION = YES;
				CLANG_WARN_OBJC_IMPLICIT_RETAIN_SELF = YES;
				CLANG_WARN_OBJC_LITERAL_CONVERSION = YES;
				CLANG_WARN_OBJC_ROOT_CLASS = YES_ERROR;
				CLANG_WARN_QUOTED_INCLUDE_IN_FRAMEWORK_HEADER = YES;
				CLANG_WARN_RANGE_LOOP_ANALYSIS = YES;
				CLANG_WARN_STRICT_PROTOTYPES = YES;
				CLANG_WARN_SUSPICIOUS_MOVE = YES;
				CLANG_WARN_UNGUARDED_AVAILABILITY = YES_AGGRESSIVE;
				CLANG_WARN_UNREACHABLE_CODE = YES;
				CLANG_WARN__DUPLICATE_METHOD_MATCH = YES;
				COPY_PHASE_STRIP = NO;
				DEBUG_INFORMATION_FORMAT = dwarf;
				ENABLE_STRICT_OBJC_MSGSEND = YES;
				ENABLE_TESTABILITY = YES;
				ENABLE_USER_SCRIPT_SANDBOXING = YES;
				GCC_C_LANGUAGE_STANDARD = gnu17;
				GCC_DYNAMIC_NO_PIC = NO;
				GCC_NO_COMMON_BLOCKS = YES;
				GCC_OPTIMIZATION_LEVEL = 0;
				GCC_PREPROCESSOR_DEFINITIONS = (
					"DEBUG=1",
					"$(inherited)",
				);
				GCC_WARN_64_TO_32_BIT_CONVERSION = YES;
				GCC_WARN_ABOUT_RETURN_TYPE = YES_ERROR;
				GCC_WARN_UNDECLARED_SELECTOR = YES;
				GCC_WARN_UNINITIALIZED_AUTOS = YES_AGGRESSIVE;
				GCC_WARN_UNUSED_FUNCTION = YES;
				GCC_WARN_UNUSED_VARIABLE = YES;
				IPHONEOS_DEPLOYMENT_TARGET = 17.5;
				LOCALIZATION_PREFERS_STRING_CATALOGS = YES;
				MTL_ENABLE_DEBUG_INFO = INCLUDE_SOURCE;
				MTL_FAST_MATH = YES;
				ONLY_ACTIVE_ARCH = YES;
				SDKROOT = iphoneos;
				SWIFT_ACTIVE_COMPILATION_CONDITIONS = "DEBUG $(inherited)";
				SWIFT_OPTIMIZATION_LEVEL = "-Onone";
			};
			name = Debug;
		};
		588E00722C07D1CB00A04419 /* Release */ = {
			isa = XCBuildConfiguration;
			buildSettings = {
				ALWAYS_SEARCH_USER_PATHS = NO;
				ASSETCATALOG_COMPILER_GENERATE_SWIFT_ASSET_SYMBOL_EXTENSIONS = YES;
				CLANG_ANALYZER_NONNULL = YES;
				CLANG_ANALYZER_NUMBER_OBJECT_CONVERSION = YES_AGGRESSIVE;
				CLANG_CXX_LANGUAGE_STANDARD = "gnu++20";
				CLANG_ENABLE_MODULES = YES;
				CLANG_ENABLE_OBJC_ARC = YES;
				CLANG_ENABLE_OBJC_WEAK = YES;
				CLANG_WARN_BLOCK_CAPTURE_AUTORELEASING = YES;
				CLANG_WARN_BOOL_CONVERSION = YES;
				CLANG_WARN_COMMA = YES;
				CLANG_WARN_CONSTANT_CONVERSION = YES;
				CLANG_WARN_DEPRECATED_OBJC_IMPLEMENTATIONS = YES;
				CLANG_WARN_DIRECT_OBJC_ISA_USAGE = YES_ERROR;
				CLANG_WARN_DOCUMENTATION_COMMENTS = YES;
				CLANG_WARN_EMPTY_BODY = YES;
				CLANG_WARN_ENUM_CONVERSION = YES;
				CLANG_WARN_INFINITE_RECURSION = YES;
				CLANG_WARN_INT_CONVERSION = YES;
				CLANG_WARN_NON_LITERAL_NULL_CONVERSION = YES;
				CLANG_WARN_OBJC_IMPLICIT_RETAIN_SELF = YES;
				CLANG_WARN_OBJC_LITERAL_CONVERSION = YES;
				CLANG_WARN_OBJC_ROOT_CLASS = YES_ERROR;
				CLANG_WARN_QUOTED_INCLUDE_IN_FRAMEWORK_HEADER = YES;
				CLANG_WARN_RANGE_LOOP_ANALYSIS = YES;
				CLANG_WARN_STRICT_PROTOTYPES = YES;
				CLANG_WARN_SUSPICIOUS_MOVE = YES;
				CLANG_WARN_UNGUARDED_AVAILABILITY = YES_AGGRESSIVE;
				CLANG_WARN_UNREACHABLE_CODE = YES;
				CLANG_WARN__DUPLICATE_METHOD_MATCH = YES;
				COPY_PHASE_STRIP = NO;
				DEBUG_INFORMATION_FORMAT = "dwarf-with-dsym";
				ENABLE_NS_ASSERTIONS = NO;
				ENABLE_STRICT_OBJC_MSGSEND = YES;
				ENABLE_USER_SCRIPT_SANDBOXING = YES;
				GCC_C_LANGUAGE_STANDARD = gnu17;
				GCC_NO_COMMON_BLOCKS = YES;
				GCC_WARN_64_TO_32_BIT_CONVERSION = YES;
				GCC_WARN_ABOUT_RETURN_TYPE = YES_ERROR;
				GCC_WARN_UNDECLARED_SELECTOR = YES;
				GCC_WARN_UNINITIALIZED_AUTOS = YES_AGGRESSIVE;
				GCC_WARN_UNUSED_FUNCTION = YES;
				GCC_WARN_UNUSED_VARIABLE = YES;
				IPHONEOS_DEPLOYMENT_TARGET = 17.5;
				LOCALIZATION_PREFERS_STRING_CATALOGS = YES;
				MTL_ENABLE_DEBUG_INFO = NO;
				MTL_FAST_MATH = YES;
				SDKROOT = iphoneos;
				SWIFT_COMPILATION_MODE = wholemodule;
				VALIDATE_PRODUCT = YES;
			};
			name = Release;
		};
		588E00742C07D1CB00A04419 /* Debug */ = {
			isa = XCBuildConfiguration;
			buildSettings = {
				ASSETCATALOG_COMPILER_APPICON_NAME = AppIcon;
				ASSETCATALOG_COMPILER_GLOBAL_ACCENT_COLOR_NAME = AccentColor;
				CODE_SIGN_STYLE = Automatic;
				CURRENT_PROJECT_VERSION = 1;
				DEVELOPMENT_ASSET_PATHS = "\"WeatherDemo/Preview Content\"";
				DEVELOPMENT_TEAM = QJ8UG24QZ5;
				ENABLE_PREVIEWS = YES;
				GENERATE_INFOPLIST_FILE = YES;
				INFOPLIST_KEY_CFBundleDisplayName = WeatherDemo;
				INFOPLIST_KEY_UIApplicationSceneManifest_Generation = YES;
				INFOPLIST_KEY_UIApplicationSupportsIndirectInputEvents = YES;
				INFOPLIST_KEY_UILaunchScreen_Generation = YES;
				INFOPLIST_KEY_UISupportedInterfaceOrientations = UIInterfaceOrientationPortrait;
				IPHONEOS_DEPLOYMENT_TARGET = 15.0;
				LD_RUNPATH_SEARCH_PATHS = (
					"$(inherited)",
					"@executable_path/Frameworks",
				);
				MARKETING_VERSION = 1.0;
				PRODUCT_BUNDLE_IDENTIFIER = com.chienda.WeatherDemo;
				PRODUCT_NAME = "$(TARGET_NAME)";
				SUPPORTED_PLATFORMS = "iphoneos iphonesimulator";
				SUPPORTS_MACCATALYST = NO;
				SUPPORTS_MAC_DESIGNED_FOR_IPHONE_IPAD = NO;
				SUPPORTS_XR_DESIGNED_FOR_IPHONE_IPAD = NO;
				SWIFT_EMIT_LOC_STRINGS = YES;
				SWIFT_VERSION = 5.0;
				TARGETED_DEVICE_FAMILY = "1,2";
			};
			name = Debug;
		};
		588E00752C07D1CB00A04419 /* Release */ = {
			isa = XCBuildConfiguration;
			buildSettings = {
				ASSETCATALOG_COMPILER_APPICON_NAME = AppIcon;
				ASSETCATALOG_COMPILER_GLOBAL_ACCENT_COLOR_NAME = AccentColor;
				CODE_SIGN_STYLE = Automatic;
				CURRENT_PROJECT_VERSION = 1;
				DEVELOPMENT_ASSET_PATHS = "\"WeatherDemo/Preview Content\"";
				DEVELOPMENT_TEAM = QJ8UG24QZ5;
				ENABLE_PREVIEWS = YES;
				GENERATE_INFOPLIST_FILE = YES;
				INFOPLIST_KEY_CFBundleDisplayName = WeatherDemo;
				INFOPLIST_KEY_UIApplicationSceneManifest_Generation = YES;
				INFOPLIST_KEY_UIApplicationSupportsIndirectInputEvents = YES;
				INFOPLIST_KEY_UILaunchScreen_Generation = YES;
				INFOPLIST_KEY_UISupportedInterfaceOrientations = UIInterfaceOrientationPortrait;
				IPHONEOS_DEPLOYMENT_TARGET = 15.0;
				LD_RUNPATH_SEARCH_PATHS = (
					"$(inherited)",
					"@executable_path/Frameworks",
				);
				MARKETING_VERSION = 1.0;
				PRODUCT_BUNDLE_IDENTIFIER = com.chienda.WeatherDemo;
				PRODUCT_NAME = "$(TARGET_NAME)";
				SUPPORTED_PLATFORMS = "iphoneos iphonesimulator";
				SUPPORTS_MACCATALYST = NO;
				SUPPORTS_MAC_DESIGNED_FOR_IPHONE_IPAD = NO;
				SUPPORTS_XR_DESIGNED_FOR_IPHONE_IPAD = NO;
				SWIFT_EMIT_LOC_STRINGS = YES;
				SWIFT_VERSION = 5.0;
				TARGETED_DEVICE_FAMILY = "1,2";
			};
			name = Release;
		};
/* End XCBuildConfiguration section */

/* Begin XCConfigurationList section */
		588E00602C07D1CA00A04419 /* Build configuration list for PBXProject "WeatherDemo" */ = {
			isa = XCConfigurationList;
			buildConfigurations = (
				588E00712C07D1CB00A04419 /* Debug */,
				588E00722C07D1CB00A04419 /* Release */,
			);
			defaultConfigurationIsVisible = 0;
			defaultConfigurationName = Release;
		};
		588E00732C07D1CB00A04419 /* Build configuration list for PBXNativeTarget "WeatherDemo" */ = {
			isa = XCConfigurationList;
			buildConfigurations = (
				588E00742C07D1CB00A04419 /* Debug */,
				588E00752C07D1CB00A04419 /* Release */,
			);
			defaultConfigurationIsVisible = 0;
			defaultConfigurationName = Release;
		};
/* End XCConfigurationList section */
	};
	rootObject = 588E005D2C07D1CA00A04419 /* Project object */;
}
